
Microsoft Visual Studio Solution File, Format Version 12.00
# Visual Studio Version 16
VisualStudioVersion = 16.0.31410.357
MinimumVisualStudioVersion = 10.0.40219.1
Project("{9A19103F-16F7-4668-BE54-9A1E7A4F7556}") = "BlazorGettingStarted.App", "BlazorGettingStarted.App\BlazorGettingStarted.App.csproj", "{1A1CA3F8-4E02-4A96-B7F2-BAAC66A383BB}"
EndProject
Project("{9A19103F-16F7-4668-BE54-9A1E7A4F7556}") = "BlazorGettingStarted.Shared", "BlazorGettingStarted.Shared\BlazorGettingStarted.Shared.csproj", "{3F09DEA4-2102-43E0-8C50-E31E8A0EA3E2}"
EndProject
Project("{9A19103F-16F7-4668-BE54-9A1E7A4F7556}") = "BlazorGettingStarted.Api", "BlazorGettingStarted.Api\BlazorGettingStarted.Api.csproj", "{B73FE358-B27E-46AE-950B-2A91878039B5}"
EndProject
Global
	GlobalSection(SolutionConfigurationPlatforms) = preSolution
		Debug|Any CPU = Debug|Any CPU
		Release|Any CPU = Release|Any CPU
	EndGlobalSection
	GlobalSection(ProjectConfigurationPlatforms) = postSolution
		{1A1CA3F8-4E02-4A96-B7F2-BAAC66A383BB}.Debug|Any CPU.ActiveCfg = Debug|Any CPU
		{1A1CA3F8-4E02-4A96-B7F2-BAAC66A383BB}.Debug|Any CPU.Build.0 = Debug|Any CPU
		{1A1CA3F8-4E02-4A96-B7F2-BAAC66A383BB}.Release|Any CPU.ActiveCfg = Release|Any CPU
		{1A1CA3F8-4E02-4A96-B7F2-BAAC66A383BB}.Release|Any CPU.Build.0 = Release|Any CPU
		{3F09DEA4-2102-43E0-8C50-E31E8A0EA3E2}.Debug|Any CPU.ActiveCfg = Debug|Any CPU
		{3F09DEA4-2102-43E0-8C50-E31E8A0EA3E2}.Debug|Any CPU.Build.0 = Debug|Any CPU
		{3F09DEA4-2102-43E0-8C50-E31E8A0EA3E2}.Release|Any CPU.ActiveCfg = Release|Any CPU
		{3F09DEA4-2102-43E0-8C50-E31E8A0EA3E2}.Release|Any CPU.Build.0 = Release|Any CPU
		{B73FE358-B27E-46AE-950B-2A91878039B5}.Debug|Any CPU.ActiveCfg = Debug|Any CPU
		{B73FE358-B27E-46AE-950B-2A91878039B5}.Debug|Any CPU.Build.0 = Debug|Any CPU
		{B73FE358-B27E-46AE-950B-2A91878039B5}.Release|Any CPU.ActiveCfg = Release|Any CPU
		{B73FE358-B27E-46AE-950B-2A91878039B5}.Release|Any CPU.Build.0 = Release|Any CPU
	EndGlobalSection
	GlobalSection(SolutionProperties) = preSolution
		HideSolutionNode = FALSE
	EndGlobalSection
	GlobalSection(ExtensibilityGlobals) = postSolution
		SolutionGuid = {C14D5C9B-4104-4E8C-959B-6D725EF96744}
	EndGlobalSection
EndGlobal
